
Microsoft Visual Studio Solution File, Format Version 12.00
# Visual Studio 15
VisualStudioVersion = 15.0.27428.2015
MinimumVisualStudioVersion = 10.0.40219.1
Project("{E24C65DC-7377-472B-9ABA-BC803B73C61A}") = "wwwroot", "wwwroot\", "{4A529E36-444F-4F32-8B9D-469D25C65B67}"
	ProjectSection(WebsiteProperties) = preProject
		TargetFrameworkMoniker = ".NETFramework,Version%3Dv4.0"
		Debug.AspNetCompiler.VirtualPath = "/localhost_64087"
		Debug.AspNetCompiler.PhysicalPath = "..\..\..\Documents\Git-Repositories\RiccardoVerza-WebSite\wwwroot\"
		Debug.AspNetCompiler.TargetPath = "PrecompiledWeb\localhost_64087\"
		Debug.AspNetCompiler.Updateable = "true"
		Debug.AspNetCompiler.ForceOverwrite = "true"
		Debug.AspNetCompiler.FixedNames = "false"
		Debug.AspNetCompiler.Debug = "True"
		Release.AspNetCompiler.VirtualPath = "/localhost_64087"
		Release.AspNetCompiler.PhysicalPath = "..\..\..\Documents\Git-Repositories\RiccardoVerza-WebSite\wwwroot\"
		Release.AspNetCompiler.TargetPath = "PrecompiledWeb\localhost_64087\"
		Release.AspNetCompiler.Updateable = "true"
		Release.AspNetCompiler.ForceOverwrite = "true"
		Release.AspNetCompiler.FixedNames = "false"
		Release.AspNetCompiler.Debug = "False"
		VWDPort = "64087"
	EndProjectSection
EndProject
Global
	GlobalSection(SolutionConfigurationPlatforms) = preSolution
		Debug|Any CPU = Debug|Any CPU
	EndGlobalSection
	GlobalSection(ProjectConfigurationPlatforms) = postSolution
		{4A529E36-444F-4F32-8B9D-469D25C65B67}.Debug|Any CPU.ActiveCfg = Debug|Any CPU
		{4A529E36-444F-4F32-8B9D-469D25C65B67}.Debug|Any CPU.Build.0 = Debug|Any CPU
	EndGlobalSection
	GlobalSection(SolutionProperties) = preSolution
		HideSolutionNode = FALSE
	EndGlobalSection
	GlobalSection(ExtensibilityGlobals) = postSolution
		SolutionGuid = {A0DCB5DC-A7FB-4B14-9696-1222D5DB1807}
	EndGlobalSection
EndGlobal
